
Microsoft Visual Studio Solution File, Format Version 12.00
# Visual Studio Version 16
VisualStudioVersion = 16.0.30804.86
MinimumVisualStudioVersion = 10.0.40219.1
Project("{9A19103F-16F7-4668-BE54-9A1E7A4F7556}") = "KampIntro", "KampIntro\KampIntro.csproj", "{9A5C9EF8-F8C9-44AC-94DD-052106DA41D5}"
EndProject
Project("{9A19103F-16F7-4668-BE54-9A1E7A4F7556}") = "Loops", "Loops\Loops.csproj", "{D3E6FEA6-C3F8-43CD-987D-758862473EEC}"
EndProject
Project("{9A19103F-16F7-4668-BE54-9A1E7A4F7556}") = "Classes", "Classes\Classes.csproj", "{C0024FF6-0BA5-46C9-9109-71093F32195B}"
EndProject
Project("{9A19103F-16F7-4668-BE54-9A1E7A4F7556}") = "Metotlar", "Metotlar\Metotlar.csproj", "{E5EDE871-1FB3-4997-B2D5-95DCFE68DF40}"
EndProject
Project("{9A19103F-16F7-4668-BE54-9A1E7A4F7556}") = "Matematik", "Matematik\Matematik.csproj", "{A5819A8E-BEEE-4883-B110-99AF7A7BB117}"
EndProject
Project("{9A19103F-16F7-4668-BE54-9A1E7A4F7556}") = "DegerVeReferansTipler", "DegerVeReferansTipler\DegerVeReferansTipler.csproj", "{91F6EA0F-226A-4D31-801E-90B5725F523E}"
EndProject
Project("{9A19103F-16F7-4668-BE54-9A1E7A4F7556}") = "OOP1", "OOP1\OOP1.csproj", "{691E872F-28A1-46D9-82EE-C3E5D55B7443}"
EndProject
Project("{9A19103F-16F7-4668-BE54-9A1E7A4F7556}") = "Collections", "Collections\Collections.csproj", "{EC0816B0-E494-4474-B45D-29735899560E}"
EndProject
Project("{9A19103F-16F7-4668-BE54-9A1E7A4F7556}") = "GenericsIntro", "GenericsIntro\GenericsIntro.csproj", "{01ACBC6C-60DC-4588-87E0-8C163451DC81}"
EndProject
Project("{9A19103F-16F7-4668-BE54-9A1E7A4F7556}") = "OOP2", "OOP2\OOP2.csproj", "{5E998824-7934-4211-9C39-F95249373E01}"
EndProject
Project("{FAE04EC0-301F-11D3-BF4B-00C04F79EFBC}") = "Oop3", "Oop3\Oop3.csproj", "{D20B0632-AFF2-4039-81B9-6AFCC4DA868C}"
EndProject
Global
	GlobalSection(SolutionConfigurationPlatforms) = preSolution
		Debug|Any CPU = Debug|Any CPU
		Release|Any CPU = Release|Any CPU
	EndGlobalSection
	GlobalSection(ProjectConfigurationPlatforms) = postSolution
		{9A5C9EF8-F8C9-44AC-94DD-052106DA41D5}.Debug|Any CPU.ActiveCfg = Debug|Any CPU
		{9A5C9EF8-F8C9-44AC-94DD-052106DA41D5}.Debug|Any CPU.Build.0 = Debug|Any CPU
		{9A5C9EF8-F8C9-44AC-94DD-052106DA41D5}.Release|Any CPU.ActiveCfg = Release|Any CPU
		{9A5C9EF8-F8C9-44AC-94DD-052106DA41D5}.Release|Any CPU.Build.0 = Release|Any CPU
		{D3E6FEA6-C3F8-43CD-987D-758862473EEC}.Debug|Any CPU.ActiveCfg = Debug|Any CPU
		{D3E6FEA6-C3F8-43CD-987D-758862473EEC}.Debug|Any CPU.Build.0 = Debug|Any CPU
		{D3E6FEA6-C3F8-43CD-987D-758862473EEC}.Release|Any CPU.ActiveCfg = Release|Any CPU
		{D3E6FEA6-C3F8-43CD-987D-758862473EEC}.Release|Any CPU.Build.0 = Release|Any CPU
		{C0024FF6-0BA5-46C9-9109-71093F32195B}.Debug|Any CPU.ActiveCfg = Debug|Any CPU
		{C0024FF6-0BA5-46C9-9109-71093F32195B}.Debug|Any CPU.Build.0 = Debug|Any CPU
		{C0024FF6-0BA5-46C9-9109-71093F32195B}.Release|Any CPU.ActiveCfg = Release|Any CPU
		{C0024FF6-0BA5-46C9-9109-71093F32195B}.Release|Any CPU.Build.0 = Release|Any CPU
		{E5EDE871-1FB3-4997-B2D5-95DCFE68DF40}.Debug|Any CPU.ActiveCfg = Debug|Any CPU
		{E5EDE871-1FB3-4997-B2D5-95DCFE68DF40}.Debug|Any CPU.Build.0 = Debug|Any CPU
		{E5EDE871-1FB3-4997-B2D5-95DCFE68DF40}.Release|Any CPU.ActiveCfg = Release|Any CPU
		{E5EDE871-1FB3-4997-B2D5-95DCFE68DF40}.Release|Any CPU.Build.0 = Release|Any CPU
		{A5819A8E-BEEE-4883-B110-99AF7A7BB117}.Debug|Any CPU.ActiveCfg = Debug|Any CPU
		{A5819A8E-BEEE-4883-B110-99AF7A7BB117}.Debug|Any CPU.Build.0 = Debug|Any CPU
		{A5819A8E-BEEE-4883-B110-99AF7A7BB117}.Release|Any CPU.ActiveCfg = Release|Any CPU
		{A5819A8E-BEEE-4883-B110-99AF7A7BB117}.Release|Any CPU.Build.0 = Release|Any CPU
		{91F6EA0F-226A-4D31-801E-90B5725F523E}.Debug|Any CPU.ActiveCfg = Debug|Any CPU
		{91F6EA0F-226A-4D31-801E-90B5725F523E}.Debug|Any CPU.Build.0 = Debug|Any CPU
		{91F6EA0F-226A-4D31-801E-90B5725F523E}.Release|Any CPU.ActiveCfg = Release|Any CPU
		{91F6EA0F-226A-4D31-801E-90B5725F523E}.Release|Any CPU.Build.0 = Release|Any CPU
		{691E872F-28A1-46D9-82EE-C3E5D55B7443}.Debug|Any CPU.ActiveCfg = Debug|Any CPU
		{691E872F-28A1-46D9-82EE-C3E5D55B7443}.Debug|Any CPU.Build.0 = Debug|Any CPU
		{691E872F-28A1-46D9-82EE-C3E5D55B7443}.Release|Any CPU.ActiveCfg = Release|Any CPU
		{691E872F-28A1-46D9-82EE-C3E5D55B7443}.Release|Any CPU.Build.0 = Release|Any CPU
		{EC0816B0-E494-4474-B45D-29735899560E}.Debug|Any CPU.ActiveCfg = Debug|Any CPU
		{EC0816B0-E494-4474-B45D-29735899560E}.Debug|Any CPU.Build.0 = Debug|Any CPU
		{EC0816B0-E494-4474-B45D-29735899560E}.Release|Any CPU.ActiveCfg = Release|Any CPU
		{EC0816B0-E494-4474-B45D-29735899560E}.Release|Any CPU.Build.0 = Release|Any CPU
		{01ACBC6C-60DC-4588-87E0-8C163451DC81}.Debug|Any CPU.ActiveCfg = Debug|Any CPU
		{01ACBC6C-60DC-4588-87E0-8C163451DC81}.Debug|Any CPU.Build.0 = Debug|Any CPU
		{01ACBC6C-60DC-4588-87E0-8C163451DC81}.Release|Any CPU.ActiveCfg = Release|Any CPU
		{01ACBC6C-60DC-4588-87E0-8C163451DC81}.Release|Any CPU.Build.0 = Release|Any CPU
		{5E998824-7934-4211-9C39-F95249373E01}.Debug|Any CPU.ActiveCfg = Debug|Any CPU
		{5E998824-7934-4211-9C39-F95249373E01}.Debug|Any CPU.Build.0 = Debug|Any CPU
		{5E998824-7934-4211-9C39-F95249373E01}.Release|Any CPU.ActiveCfg = Release|Any CPU
		{5E998824-7934-4211-9C39-F95249373E01}.Release|Any CPU.Build.0 = Release|Any CPU
		{D20B0632-AFF2-4039-81B9-6AFCC4DA868C}.Debug|Any CPU.ActiveCfg = Debug|Any CPU
		{D20B0632-AFF2-4039-81B9-6AFCC4DA868C}.Debug|Any CPU.Build.0 = Debug|Any CPU
		{D20B0632-AFF2-4039-81B9-6AFCC4DA868C}.Release|Any CPU.ActiveCfg = Release|Any CPU
		{D20B0632-AFF2-4039-81B9-6AFCC4DA868C}.Release|Any CPU.Build.0 = Release|Any CPU
	EndGlobalSection
	GlobalSection(SolutionProperties) = preSolution
		HideSolutionNode = FALSE
	EndGlobalSection
	GlobalSection(ExtensibilityGlobals) = postSolution
		SolutionGuid = {512E104B-73CF-4E46-B2AA-B1528560141D}
	EndGlobalSection
EndGlobal
